# @generated - this file is auto-generated by `mise lock` https://mise.jdx.dev/dev-tools/mise-lock.html

[[tools."cargo:lychee"]]
version = "0.24.2"
backend = "cargo:lychee"

[[tools.node]]
version = "25.9.0"
backend = "core:node"

[tools.node."platforms.linux-arm64"]
checksum = "sha256:8fb4283301b8c720fc9f18bffff0f659e72cc14d0cf207a3bb411808aaa73a57"
url = "https://nodejs.org/dist/v25.9.0/node-v25.9.0-linux-arm64.tar.gz"

[tools.node."platforms.linux-arm64-musl"]
checksum = "sha256:97f6fe125faa51f84a7bb600d0cd7aefcfaaa0e75a5f49a7c61c3df91d12d535"
url = "https://unofficial-builds.nodejs.org/download/release/v25.9.0/node-v25.9.0-linux-arm64-musl.tar.gz"

[tools.node."platforms.linux-x64"]
checksum = "sha256:134e55b2408448a219760fe04dc44d6851f9de8a79549021ffd870e9082d9e7b"
url = "https://nodejs.org/dist/v25.9.0/node-v25.9.0-linux-x64.tar.gz"

[tools.node."platforms.linux-x64-musl"]
checksum = "sha256:1ac44af012be6bc17f1e3723edbf12897c0baeae5d1dc75b9f97d71413e4c8f5"
url = "https://unofficial-builds.nodejs.org/download/release/v25.9.0/node-v25.9.0-linux-x64-musl.tar.gz"

[tools.node."platforms.macos-arm64"]
checksum = "sha256:e479f3c469d3d9303a44f00a8ea37a3788395d171bb8059c48a4bbbd2e371b59"
url = "https://nodejs.org/dist/v25.9.0/node-v25.9.0-darwin-arm64.tar.gz"

[tools.node."platforms.macos-x64"]
checksum = "sha256:7d737b53ce191142bfa1c17cfa5b070d96e84eebf76b8dd06d84981cbdc3f7e3"
url = "https://nodejs.org/dist/v25.9.0/node-v25.9.0-darwin-x64.tar.gz"

[tools.node."platforms.windows-x64"]
checksum = "sha256:929552b8305effac843ba7b4270c437aefb702fc3fbd73fcd1bffd35d4ac284e"
url = "https://nodejs.org/dist/v25.9.0/node-v25.9.0-win-x64.zip"

[[tools."pipx:pre-commit"]]
version = "4.6.2"
backend = "pipx:pre-commit"

[[tools.python]]
version = "3.12.15"
backend = "core:python"

[tools.python."platforms.linux-arm64"]
checksum = "sha256:6541297dd1798dec8b98c3ad7492808a5b9d1c126801ceb2011e7754cd20d1ce"
url = "https://github.com/astral-sh/python-build-standalone/releases/download/20261003/cpython-3.12.15+20261003-aarch64-unknown-linux-gnu-install_only_stripped.tar.gz"
provenance = "github-attestations"

[tools.python."platforms.linux-arm64-musl"]
checksum = "sha256:864b0d0d7a309791182d392f5897444ec5bcc641b7ce42fcf5872a7937f1cdda"
url = "https://github.com/astral-sh/python-build-standalone/releases/download/20261003/cpython-3.12.15+20261003-aarch64-unknown-linux-musl-install_only_stripped.tar.gz"
provenance = "github-attestations"

[tools.python."platforms.linux-x64"]
checksum = "sha256:731af898886c5f821890dc901eca3c651cca8e51fa7308c159d12a1194aeac91"
url = "https://github.com/astral-sh/python-build-standalone/releases/download/20261003/cpython-3.12.15+20261003-x86_64-unknown-linux-gnu-install_only_stripped.tar.gz"
provenance = "github-attestations"

[tools.python."platforms.linux-x64-musl"]
checksum = "sha256:023f2185506665ba038ccb5bc1342a7619e5e0be87a1c3e7f07b3b21bfd38a3e"
url = "https://github.com/astral-sh/python-build-standalone/releases/download/20261003/cpython-3.12.15+20261003-x86_64-unknown-linux-musl-install_only_stripped.tar.gz"
provenance = "github-attestations"

[tools.python."platforms.macos-arm64"]
checksum = "sha256:ad8d0c637c0a36b967b310e2c07254f4d2ca8cabaa7699e55ed6290aceb481a2"
url = "https://github.com/astral-sh/python-build-standalone/releases/download/20261003/cpython-3.12.15+20261003-aarch64-apple-darwin-install_only_stripped.tar.gz"
provenance = "github-attestations"

[tools.python."platforms.macos-x64"]
checksum = "sha256:562c30864ece2cb1d3e0ad66a1acd498611a47e5a10ce81b99158bef1ccbd355"
url = "https://github.com/astral-sh/python-build-standalone/releases/download/20261003/cpython-3.12.15+20261003-x86_64-apple-darwin-install_only_stripped.tar.gz"
provenance = "github-attestations"

[tools.python."platforms.windows-x64"]
checksum = "sha256:6fba7f2ae506facf41d457ea8293c7497910a675c69a4e954875169410a50402"
url = "https://github.com/astral-sh/python-build-standalone/releases/download/20261003/cpython-3.12.15+20261003-x86_64-pc-windows-msvc-install_only_stripped.tar.gz"
provenance = "github-attestations"

[[tools.python]]
version = "3.13.16"
backend = "core:python"

[tools.python."platforms.linux-arm64"]
checksum = "sha256:6e9641400f8debd9b7924b27b5ff0662c372852382e291a76c450c7b67414cf6"
url = "https://github.com/astral-sh/python-build-standalone/releases/download/20261003/cpython-3.13.16+20261003-aarch64-unknown-linux-gnu-install_only_stripped.tar.gz"
provenance = "github-attestations"

[tools.python."platforms.linux-arm64-musl"]
checksum = "sha256:a96a3f88130cb0f26e9febb4a4b7bff974cc57c5517c6532eb885c84f9d47070"
url = "https://github.com/astral-sh/python-build-standalone/releases/download/20261003/cpython-3.13.16+20261003-aarch64-unknown-linux-musl-install_only_stripped.tar.gz"
provenance = "github-attestations"

[tools.python."platforms.linux-x64"]
checksum = "sha256:4595c5589fff7bf0cb158d9a88a797e0d791fa33830770fcb7bf3f4b104feeae"
url = "https://github.com/astral-sh/python-build-standalone/releases/download/20261003/cpython-3.13.16+20261003-x86_64-unknown-linux-gnu-install_only_stripped.tar.gz"
provenance = "github-attestations"

[tools.python."platforms.linux-x64-musl"]
checksum = "sha256:dbc1d63c450eb6028d52e3a5d0304bf0fd0e3e9ac16ca8326ff0c19d6005a4c2"
url = "https://github.com/astral-sh/python-build-standalone/releases/download/20261003/cpython-3.13.16+20261003-x86_64-unknown-linux-musl-install_only_stripped.tar.gz"
provenance = "github-attestations"

[tools.python."platforms.macos-arm64"]
checksum = "sha256:9e01f63bbb08576cd9c8bc2d0564d098cb30c8453a0cd4bcf6aef458f6d2a147"
url = "https://github.com/astral-sh/python-build-standalone/releases/download/20261003/cpython-3.13.16+20261003-aarch64-apple-darwin-install_only_stripped.tar.gz"
provenance = "github-attestations"

[tools.python."platforms.macos-x64"]
checksum = "sha256:b4dad38ba6a344555ccb71a1b08caad0a6c0dda88c5803658bc95bd7f04e9f5c"
url = "https://github.com/astral-sh/python-build-standalone/releases/download/20261003/cpython-3.13.16+20261003-x86_64-apple-darwin-install_only_stripped.tar.gz"
provenance = "github-attestations"

[tools.python."platforms.windows-x64"]
checksum = "sha256:ec43f1a85c29f147d7ae2d13218c52c70b24a983a82ab22d6c607c0593060e10"
url = "https://github.com/astral-sh/python-build-standalone/releases/download/20261003/cpython-3.13.16+20261003-x86_64-pc-windows-msvc-install_only_stripped.tar.gz"
provenance = "github-attestations"

[[tools.uv]]
version = "0.12.24"
backend = "aqua:astral-sh/uv"

[tools.uv."platforms.linux-arm64"]
checksum = "sha256:5231be65f496304623895dacdbf1de8504fec90303684bdf05805aa34414dd21"
url = "https://github.com/astral-sh/uv/releases/download/0.12.24/uv-aarch64-unknown-linux-gnu.tar.gz"
url_api = "https://api.github.com/repos/astral-sh/uv/releases/assets/622872824"
provenance = "github-attestations"

[tools.uv."platforms.linux-arm64-musl"]
checksum = "sha256:7f9ab4726d743b6a92e310477a7840c8a8a7b3938cb3c4657d541342fca75011"
url = "https://github.com/astral-sh/uv/releases/download/0.12.24/uv-aarch64-unknown-linux-musl.tar.gz"
url_api = "https://api.github.com/repos/astral-sh/uv/releases/assets/622872847"
provenance = "github-attestations"

[tools.uv."platforms.linux-x64"]
checksum = "sha256:b4dfaef47d491a7296981f8374a4595f55dbf84e8937c8ecd2983574d8bb3da6"
url = "https://github.com/astral-sh/uv/releases/download/0.12.24/uv-x86_64-unknown-linux-gnu.tar.gz"
url_api = "https://api.github.com/repos/astral-sh/uv/releases/assets/622873043"
provenance = "github-attestations"

[tools.uv."platforms.linux-x64-musl"]
checksum = "sha256:48170bd200a5430298c18f3b264485a1f3a8605f01088277daf6e37633edf0f5"
url = "https://github.com/astral-sh/uv/releases/download/0.12.24/uv-x86_64-unknown-linux-musl.tar.gz"
url_api = "https://api.github.com/repos/astral-sh/uv/releases/assets/622873060"
provenance = "github-attestations"

[tools.uv."platforms.macos-arm64"]
checksum = "sha256:0c4346de7abdb49495b393b9ec809fe387aa43e586be20fecb972216c1e71732"
url = "https://github.com/astral-sh/uv/releases/download/0.12.24/uv-aarch64-apple-darwin.tar.gz"
url_api = "https://api.github.com/repos/astral-sh/uv/releases/assets/622872807"
provenance = "github-attestations"

[tools.uv."platforms.macos-x64"]
checksum = "sha256:4fa82e37cb94767661f532b001e470b67a186c7260e305bd84ddb78fd545c0b6"
url = "https://github.com/astral-sh/uv/releases/download/0.12.24/uv-x86_64-apple-darwin.tar.gz"
url_api = "https://api.github.com/repos/astral-sh/uv/releases/assets/622873012"
provenance = "github-attestations"

[tools.uv."platforms.windows-x64"]
checksum = "sha256:7c38608c8a18ee137d748a1773053b07ec8f3a30fab49aebaa6f4e4efeceb019"
url = "https://github.com/astral-sh/uv/releases/download/0.12.24/uv-x86_64-pc-windows-msvc.zip"
url_api = "https://api.github.com/repos/astral-sh/uv/releases/assets/622873038"
provenance = "github-attestations"
