# @generated - this file is auto-generated by `mise lock` https://mise.jdx.dev/dev-tools/mise-lock.html

[[tools."cargo:lychee"]]
version = "0.24.2"
backend = "cargo:lychee"

[[tools.node]]
version = "25.9.0"
backend = "core:node"

[tools.node."platforms.linux-arm64"]
checksum = "sha256:8fb4283301b8c720fc9f18bffff0f659e72cc14d0cf207a3bb411808aaa73a57"
url = "https://nodejs.org/dist/v25.9.0/node-v25.9.0-linux-arm64.tar.gz"

[tools.node."platforms.linux-arm64-musl"]
checksum = "sha256:97f6fe125faa51f84a7bb600d0cd7aefcfaaa0e75a5f49a7c61c3df91d12d535"
url = "https://unofficial-builds.nodejs.org/download/release/v25.9.0/node-v25.9.0-linux-arm64-musl.tar.gz"

[tools.node."platforms.linux-x64"]
checksum = "sha256:134e55b2408448a219760fe04dc44d6851f9de8a79549021ffd870e9082d9e7b"
url = "https://nodejs.org/dist/v25.9.0/node-v25.9.0-linux-x64.tar.gz"

[tools.node."platforms.linux-x64-musl"]
checksum = "sha256:1ac44af012be6bc17f1e3723edbf12897c0baeae5d1dc75b9f97d71413e4c8f5"
url = "https://unofficial-builds.nodejs.org/download/release/v25.9.0/node-v25.9.0-linux-x64-musl.tar.gz"

[tools.node."platforms.macos-arm64"]
checksum = "sha256:e479f3c469d3d9303a44f00a8ea37a3788395d171bb8059c48a4bbbd2e371b59"
url = "https://nodejs.org/dist/v25.9.0/node-v25.9.0-darwin-arm64.tar.gz"

[tools.node."platforms.macos-x64"]
checksum = "sha256:7d737b53ce191142bfa1c17cfa5b070d96e84eebf76b8dd06d84981cbdc3f7e3"
url = "https://nodejs.org/dist/v25.9.0/node-v25.9.0-darwin-x64.tar.gz"

[tools.node."platforms.windows-x64"]
checksum = "sha256:929552b8305effac843ba7b4270c437aefb702fc3fbd73fcd1bffd35d4ac284e"
url = "https://nodejs.org/dist/v25.9.0/node-v25.9.0-win-x64.zip"

[[tools."pipx:pre-commit"]]
version = "4.6.2"
backend = "pipx:pre-commit"

[[tools.python]]
version = "3.12.15"
backend = "core:python"

[tools.python."platforms.linux-arm64"]
checksum = "sha256:6541297dd1798dec8b98c3ad7492808a5b9d1c126801ceb2011e7754cd20d1ce"
url = "https://github.com/astral-sh/python-build-standalone/releases/download/20261003/cpython-3.12.15+20261003-aarch64-unknown-linux-gnu-install_only_stripped.tar.gz"
provenance = "github-attestations"

[tools.python."platforms.linux-arm64-musl"]
checksum = "sha256:864b0d0d7a309791182d392f5897444ec5bcc641b7ce42fcf5872a7937f1cdda"
url = "https://github.com/astral-sh/python-build-standalone/releases/download/20261003/cpython-3.12.15+20261003-aarch64-unknown-linux-musl-install_only_stripped.tar.gz"
provenance = "github-attestations"

[tools.python."platforms.linux-x64"]
checksum = "sha256:731af898886c5f821890dc901eca3c651cca8e51fa7308c159d12a1194aeac91"
url = "https://github.com/astral-sh/python-build-standalone/releases/download/20261003/cpython-3.12.15+20261003-x86_64-unknown-linux-gnu-install_only_stripped.tar.gz"
provenance = "github-attestations"

[tools.python."platforms.linux-x64-musl"]
checksum = "sha256:023f2185506665ba038ccb5bc1342a7619e5e0be87a1c3e7f07b3b21bfd38a3e"
url = "https://github.com/astral-sh/python-build-standalone/releases/download/20261003/cpython-3.12.15+20261003-x86_64-unknown-linux-musl-install_only_stripped.tar.gz"
provenance = "github-attestations"

[tools.python."platforms.macos-arm64"]
checksum = "sha256:ad8d0c637c0a36b967b310e2c07254f4d2ca8cabaa7699e55ed6290aceb481a2"
url = "https://github.com/astral-sh/python-build-standalone/releases/download/20261003/cpython-3.12.15+20261003-aarch64-apple-darwin-install_only_stripped.tar.gz"
provenance = "github-attestations"

[tools.python."platforms.macos-x64"]
checksum = "sha256:562c30864ece2cb1d3e0ad66a1acd498611a47e5a10ce81b99158bef1ccbd355"
url = "https://github.com/astral-sh/python-build-standalone/releases/download/20261003/cpython-3.12.15+20261003-x86_64-apple-darwin-install_only_stripped.tar.gz"
provenance = "github-attestations"

[tools.python."platforms.windows-x64"]
checksum = "sha256:6fba7f2ae506facf41d457ea8293c7497910a675c69a4e954875169410a50402"
url = "https://github.com/astral-sh/python-build-standalone/releases/download/20261003/cpython-3.12.15+20261003-x86_64-pc-windows-msvc-install_only_stripped.tar.gz"
provenance = "github-attestations"

[[tools.python]]
version = "3.13.16"
backend = "core:python"

[tools.python."platforms.linux-arm64"]
checksum = "sha256:6e9641400f8debd9b7924b27b5ff0662c372852382e291a76c450c7b67414cf6"
url = "https://github.com/astral-sh/python-build-standalone/releases/download/20261003/cpython-3.13.16+20261003-aarch64-unknown-linux-gnu-install_only_stripped.tar.gz"
provenance = "github-attestations"

[tools.python."platforms.linux-arm64-musl"]
checksum = "sha256:a96a3f88130cb0f26e9febb4a4b7bff974cc57c5517c6532eb885c84f9d47070"
url = "https://github.com/astral-sh/python-build-standalone/releases/download/20261003/cpython-3.13.16+20261003-aarch64-unknown-linux-musl-install_only_stripped.tar.gz"
provenance = "github-attestations"

[tools.python."platforms.linux-x64"]
checksum = "sha256:4595c5589fff7bf0cb158d9a88a797e0d791fa33830770fcb7bf3f4b104feeae"
url = "https://github.com/astral-sh/python-build-standalone/releases/download/20261003/cpython-3.13.16+20261003-x86_64-unknown-linux-gnu-install_only_stripped.tar.gz"
provenance = "github-attestations"

[tools.python."platforms.linux-x64-musl"]
checksum = "sha256:dbc1d63c450eb6028d52e3a5d0304bf0fd0e3e9ac16ca8326ff0c19d6005a4c2"
url = "https://github.com/astral-sh/python-build-standalone/releases/download/20261003/cpython-3.13.16+20261003-x86_64-unknown-linux-musl-install_only_stripped.tar.gz"
provenance = "github-attestations"

[tools.python."platforms.macos-arm64"]
checksum = "sha256:9e01f63bbb08576cd9c8bc2d0564d098cb30c8453a0cd4bcf6aef458f6d2a147"
url = "https://github.com/astral-sh/python-build-standalone/releases/download/20261003/cpython-3.13.16+20261003-aarch64-apple-darwin-install_only_stripped.tar.gz"
provenance = "github-attestations"

[tools.python."platforms.macos-x64"]
checksum = "sha256:b4dad38ba6a344555ccb71a1b08caad0a6c0dda88c5803658bc95bd7f04e9f5c"
url = "https://github.com/astral-sh/python-build-standalone/releases/download/20261003/cpython-3.13.16+20261003-x86_64-apple-darwin-install_only_stripped.tar.gz"
provenance = "github-attestations"

[tools.python."platforms.windows-x64"]
checksum = "sha256:ec43f1a85c29f147d7ae2d13218c52c70b24a983a82ab22d6c607c0593060e10"
url = "https://github.com/astral-sh/python-build-standalone/releases/download/20261003/cpython-3.13.16+20261003-x86_64-pc-windows-msvc-install_only_stripped.tar.gz"
provenance = "github-attestations"

[[tools.uv]]
version = "0.13.0"
backend = "aqua:astral-sh/uv"

[tools.uv."platforms.linux-arm64"]
checksum = "sha256:3ccfb6af6e242433eb552f7d9676abd5412c6595c497e990d9c8cb7b5bd4d2c3"
url = "https://github.com/astral-sh/uv/releases/download/0.13.0/uv-aarch64-unknown-linux-gnu.tar.gz"
url_api = "https://api.github.com/repos/astral-sh/uv/releases/assets/626003012"
provenance = "github-attestations"

[tools.uv."platforms.linux-arm64-musl"]
checksum = "sha256:281ca6cf43f4e26e35474839ad4861be86de42af2682f74134460f5b2071b96d"
url = "https://github.com/astral-sh/uv/releases/download/0.13.0/uv-aarch64-unknown-linux-musl.tar.gz"
url_api = "https://api.github.com/repos/astral-sh/uv/releases/assets/626003041"
provenance = "github-attestations"

[tools.uv."platforms.linux-x64"]
checksum = "sha256:1468ebd5a5541121837c5a2817b9972ba6090fa6caa3d142620850a47fb75154"
url = "https://github.com/astral-sh/uv/releases/download/0.13.0/uv-x86_64-unknown-linux-gnu.tar.gz"
url_api = "https://api.github.com/repos/astral-sh/uv/releases/assets/626003332"
provenance = "github-attestations"

[tools.uv."platforms.linux-x64-musl"]
checksum = "sha256:b0828fc4cdc47d65951e94b5f0a15a5364420e8dcd88723f3b21e7a2eb30bbc3"
url = "https://github.com/astral-sh/uv/releases/download/0.13.0/uv-x86_64-unknown-linux-musl.tar.gz"
url_api = "https://api.github.com/repos/astral-sh/uv/releases/assets/626003353"
provenance = "github-attestations"

[tools.uv."platforms.macos-arm64"]
checksum = "sha256:a9c1b29002cf3c83f07fa9cd8a887a3be0107d90e23189721221e7257db8e3d6"
url = "https://github.com/astral-sh/uv/releases/download/0.13.0/uv-aarch64-apple-darwin.tar.gz"
url_api = "https://api.github.com/repos/astral-sh/uv/releases/assets/626002972"
provenance = "github-attestations"

[tools.uv."platforms.macos-x64"]
checksum = "sha256:5f44dcbde809b632f47c36fadb241cb4d6f9af71d0c8f172b5d2026d3dde742c"
url = "https://github.com/astral-sh/uv/releases/download/0.13.0/uv-x86_64-apple-darwin.tar.gz"
url_api = "https://api.github.com/repos/astral-sh/uv/releases/assets/626003261"
provenance = "github-attestations"

[tools.uv."platforms.windows-x64"]
checksum = "sha256:088962f9e7b7bd9ea740c04c650b2a21c8928c345bd99ac24350dc924dba656c"
url = "https://github.com/astral-sh/uv/releases/download/0.13.0/uv-x86_64-pc-windows-msvc.zip"
url_api = "https://api.github.com/repos/astral-sh/uv/releases/assets/626003295"
provenance = "github-attestations"
